{
  "version": "2",
  "remote": {
    "https://cdn.skypack.dev/-/http-cache-semantics@v4.1.0-5IkAyzxageW9utYlM9Kq/dist=es2019,mode=imports/optimized/http-cache-semantics.js": "abb90d8731ed016549017a010e198e5075e5ca5308bfe429b7acaa07c3fe7200",
    "https://cdn.skypack.dev/-/http-cache-semantics@v4.1.0-5IkAyzxageW9utYlM9Kq/dist=es2019,mode=types/index.d.ts": "0bf440ab914e79e890cb15e5ffacb5e18bec678338b3eab069a5829d3d5c96e3",
    "https://cdn.skypack.dev/http-cache-semantics?dts": "dc31b1d6078daceb7667ec025de2206541c4f1c8fe480836bbaf9f8f666f9880",
    "https://deno.land/std@0.118.0/_util/assert.ts": "2f868145a042a11d5ad0a3c748dcf580add8a0dbc0e876eaa0026303a5488f58",
    "https://deno.land/std@0.118.0/_util/os.ts": "dfb186cc4e968c770ab6cc3288bd65f4871be03b93beecae57d657232ecffcac",
    "https://deno.land/std@0.118.0/path/_constants.ts": "1247fee4a79b70c89f23499691ef169b41b6ccf01887a0abd131009c5581b853",
    "https://deno.land/std@0.118.0/path/_interface.ts": "1fa73b02aaa24867e481a48492b44f2598cd9dfa513c7b34001437007d3642e4",
    "https://deno.land/std@0.118.0/path/_util.ts": "2e06a3b9e79beaf62687196bd4b60a4c391d862cfa007a20fc3a39f778ba073b",
    "https://deno.land/std@0.118.0/path/common.ts": "f41a38a0719a1e85aa11c6ba3bea5e37c15dd009d705bd8873f94c833568cbc4",
    "https://deno.land/std@0.118.0/path/glob.ts": "ea87985765b977cc284b92771003b2070c440e0807c90e1eb0ff3e095911a820",
    "https://deno.land/std@0.118.0/path/mod.ts": "4465dc494f271b02569edbb4a18d727063b5dbd6ed84283ff906260970a15d12",
    "https://deno.land/std@0.118.0/path/posix.ts": "34349174b9cd121625a2810837a82dd8b986bbaaad5ade690d1de75bbb4555b2",
    "https://deno.land/std@0.118.0/path/separator.ts": "8fdcf289b1b76fd726a508f57d3370ca029ae6976fcde5044007f062e643ff1c",
    "https://deno.land/std@0.118.0/path/win32.ts": "11549e8c6df8307a8efcfa47ad7b2a75da743eac7d4c89c9723a944661c8bd2e",
    "https://deno.land/std@0.126.0/_util/assert.ts": "6396c1bd0361c4939e7f32f9b03efffcd04b640a1b206ed67058553d6cb59cc4",
    "https://deno.land/std@0.126.0/_util/os.ts": "49b92edea1e82ba295ec946de8ffd956ed123e2948d9bd1d3e901b04e4307617",
    "https://deno.land/std@0.126.0/path/_constants.ts": "df1db3ffa6dd6d1252cc9617e5d72165cd2483df90e93833e13580687b6083c3",
    "https://deno.land/std@0.126.0/path/_interface.ts": "ee3b431a336b80cf445441109d089b70d87d5e248f4f90ff906820889ecf8d09",
    "https://deno.land/std@0.126.0/path/_util.ts": "c1e9686d0164e29f7d880b2158971d805b6e0efc3110d0b3e24e4b8af2190d2b",
    "https://deno.land/std@0.126.0/path/common.ts": "bee563630abd2d97f99d83c96c2fa0cca7cee103e8cb4e7699ec4d5db7bd2633",
    "https://deno.land/std@0.126.0/path/glob.ts": "cb5255638de1048973c3e69e420c77dc04f75755524cb3b2e160fe9277d939ee",
    "https://deno.land/std@0.126.0/path/mod.ts": "4275129bb766f0e475ecc5246aa35689eeade419d72a48355203f31802640be7",
    "https://deno.land/std@0.126.0/path/posix.ts": "663e4a6fe30a145f56aa41a22d95114c4c5582d8b57d2d7c9ed27ad2c47636bb",
    "https://deno.land/std@0.126.0/path/separator.ts": "fe1816cb765a8068afb3e8f13ad272351c85cbc739af56dacfc7d93d710fe0f9",
    "https://deno.land/std@0.126.0/path/win32.ts": "e7bdf63e8d9982b4d8a01ef5689425c93310ece950e517476e22af10f41a136e",
    "https://deno.land/std@0.154.0/_deno_unstable.ts": "4ddb8672d49d58b5bbc4a5a7a2f1b3bce4fd06aa4c8b8476728334391667de7b",
    "https://deno.land/std@0.154.0/async/abortable.ts": "87aa7230be8360c24ad437212311c9e8d4328854baec27b4c7abb26e85515c06",
    "https://deno.land/std@0.154.0/async/deadline.ts": "48ac998d7564969f3e6ec6b6f9bf0217ebd00239b1b2292feba61272d5dd58d0",
    "https://deno.land/std@0.154.0/async/debounce.ts": "de5433bff08a2bb61416fc53b3bd2d5867090c8a815465e5b4a10a77495b1051",
    "https://deno.land/std@0.154.0/async/deferred.ts": "c01de44b9192359cebd3fe93273fcebf9e95110bf3360023917da9a2d1489fae",
    "https://deno.land/std@0.154.0/async/delay.ts": "d5a169caede8e1c5d46b3f25eab97db5fd1ab193fc82a53bafd3642ac42ca3c7",
    "https://deno.land/std@0.154.0/async/mod.ts": "dd0a8ed4f3984ffabe2fcca7c9f466b7932d57b1864ffee148a5d5388316db6b",
    "https://deno.land/std@0.154.0/async/mux_async_iterator.ts": "3447b28a2a582224a3d4d3596bccbba6e85040da3b97ed64012f7decce98d093",
    "https://deno.land/std@0.154.0/async/pool.ts": "ef9eb97b388543acbf0ac32647121e4dbe629236899586c4d4311a8770fbb239",
    "https://deno.land/std@0.154.0/async/tee.ts": "d27680d911816fcb3d231e16d690e7588079e66a9b2e5ce8cc354db94fdce95f",
    "https://deno.land/std@0.154.0/http/http_status.ts": "897575a7d6bc2b9123f6a38ecbc0f03d95a532c5d92029315dc9f508e12526b8",
    "https://deno.land/std@0.154.0/http/server.ts": "e2e16f0b124ffef022ad04797d4250d6e4fc0d9579780999091949b17789dd1a",
    "https://deno.land/x/httpcache@0.1.2/in_memory.ts": "9f7d2d1600f64934c45493bf300475f3edef8ca540da60f308bda32d30de849e",
    "https://deno.land/x/httpcache@0.1.2/mod.ts": "1247683a7e4f573759afb47709b2b5cd954986cfc4882ed7cc3a21b0e959be58",
    "https://deno.land/x/lru@1.0.2/mod.ts": "1d44b87c4d40ff33749ae5fd85fe234344e0dace835fdfeb48413edea9461159",
    "https://deno.land/x/media_types@v2.11.1/db.ts": "1eac2b1b57195e41d7e40d7b236a3adeb93b4fa18084b4c9db49144fe685c78d",
    "https://deno.land/x/media_types@v2.11.1/mod.ts": "1be09ec3626332f9fe52a8a9ede852bb76d2207f84bec1f1b16c10555478008f",
    "https://deno.land/x/sift@0.6.0/mod.ts": "d156582201226616af9c27cf93ee06610fc907700dcc09802e3741d2b14042bd",
    "https://esm.sh/preact-render-to-string@5.2.4?target=deno": "957be93b3d26ef657871803b72a558c8ecbd56e16c4fa6cccb4b1f883ffe1efb",
    "https://esm.sh/preact@10.10.6?target=deno": "3797eacd827278d2601acc8c9da07da1df226113a5e0f5ff54055ffb9dcf4bf4",
    "https://esm.sh/stable/preact@10.10.6/deno/preact.js": "e0d155b4926e5b1f4dce9b9efea9f8c65edb7587b3b7a4ebd5d339474cf61e20",
    "https://esm.sh/v94/preact-render-to-string@5.2.4/deno/preact-render-to-string.js": "4ef83611a6311df631b5e1947a7404019e1c2abb62f056fed09b8d3ffa4bdc7f",
    "https://esm.sh/v94/preact-render-to-string@5.2.4/src/index.d.ts": "62dceb6fe6481324e788a09ea8bfcdfdeaf07154ce6665c39a532e3c4c7ee442",
    "https://esm.sh/v94/preact@10.10.6/src/index.d.ts": "d3e2e5125321d592d2458226f311de66411f2fa949e546cbaaefa533c4fb89e3",
    "https://esm.sh/v94/preact@10.10.6/src/jsx.d.ts": "1bb7de31d64cc39b3b07613dc39bff42199ffec4b97ac9168a86f4747a3ec669"
  },
  "npm": {
    "specifiers": {
      "create-vite-extra": "create-vite-extra@0.1.9",
      "create-vite-extra@latest": "create-vite-extra@0.1.9",
      "webpack": "webpack@5.75.0_acorn@8.8.0_webpack@5.75.0__acorn@8.8.0",
      "webpack-cli": "webpack-cli@5.0.0_webpack@5.75.0__acorn@8.8.0__webpack@5.75.0___acorn@8.8.0_webpack-cli@5.0.0__webpack@5.75.0___acorn@8.8.0___webpack@5.75.0____acorn@8.8.0_webpack-cli@5.0.0__webpack@5.75.0___acorn@8.8.0___webpack@5.75.0____acorn@8.8.0__webpack-cli@5.0.0___webpack@5.75.0____acorn@8.8.0____webpack@5.75.0_____acorn@8.8.0_webpack-cli@5.0.0__webpack@5.75.0___acorn@8.8.0___webpack@5.75.0____acorn@8.8.0__webpack-cli@5.0.0___webpack@5.75.0____acorn@8.8.0____webpack@5.75.0_____acorn@8.8.0__webpack-cli@5.0.0___webpack@5.75.0____acorn@8.8.0____webpack@5.75.0_____acorn@8.8.0___webpack-cli@5.0.0____webpack@5.75.0_____acorn@8.8.0_____webpack@5.75.0______acorn@8.8.0"
    },
    "packages": {
      "@discoveryjs/json-ext@0.5.7": {
        "integrity": "sha512-dBVuXR082gk3jsFp7Rd/JI4kytwGHecnCoTtXFb7DB6CNHp4rg5k1bhg0nWdLGLnOV71lmDzGQaLMy8iPLY0pw==",
        "dependencies": {}
      },
      "@jridgewell/gen-mapping@0.3.2": {
        "integrity": "sha512-mh65xKQAzI6iBcFzwv28KVWSmCkdRBWoOh+bYQGW3+6OZvbbN3TqMGo5hqYxQniRcH9F2VZIoJCm4pa3BPDK/A==",
        "dependencies": {
          "@jridgewell/set-array": "@jridgewell/set-array@1.1.2",
          "@jridgewell/sourcemap-codec": "@jridgewell/sourcemap-codec@1.4.14",
          "@jridgewell/trace-mapping": "@jridgewell/trace-mapping@0.3.17"
        }
      },
      "@jridgewell/resolve-uri@3.1.0": {
        "integrity": "sha512-F2msla3tad+Mfht5cJq7LSXcdudKTWCVYUgw6pLFOOHSTtZlj6SWNYAp+AhuqLmWdBO2X5hPrLcu8cVP8fy28w==",
        "dependencies": {}
      },
      "@jridgewell/set-array@1.1.2": {
        "integrity": "sha512-xnkseuNADM0gt2bs+BvhO0p78Mk762YnZdsuzFV018NoG1Sj1SCQvpSqa7XUaTam5vAGasABV9qXASMKnFMwMw==",
        "dependencies": {}
      },
      "@jridgewell/source-map@0.3.2": {
        "integrity": "sha512-m7O9o2uR8k2ObDysZYzdfhb08VuEml5oWGiosa1VdaPZ/A6QyPkAJuwN0Q1lhULOf6B7MtQmHENS743hWtCrgw==",
        "dependencies": {
          "@jridgewell/gen-mapping": "@jridgewell/gen-mapping@0.3.2",
          "@jridgewell/trace-mapping": "@jridgewell/trace-mapping@0.3.17"
        }
      },
      "@jridgewell/sourcemap-codec@1.4.14": {
        "integrity": "sha512-XPSJHWmi394fuUuzDnGz1wiKqWfo1yXecHQMRf2l6hztTO+nPru658AyDngaBe7isIxEkRsPR3FZh+s7iVa4Uw==",
        "dependencies": {}
      },
      "@jridgewell/trace-mapping@0.3.17": {
        "integrity": "sha512-MCNzAp77qzKca9+W/+I0+sEpaUnZoeasnghNeVc41VZCEKaCH73Vq3BZZ/SzWIgrqE4H4ceI+p+b6C0mHf9T4g==",
        "dependencies": {
          "@jridgewell/resolve-uri": "@jridgewell/resolve-uri@3.1.0",
          "@jridgewell/sourcemap-codec": "@jridgewell/sourcemap-codec@1.4.14"
        }
      },
      "@types/eslint-scope@3.7.4": {
        "integrity": "sha512-9K4zoImiZc3HlIp6AVUDE4CWYx22a+lhSZMYNpbjW04+YF0KWj4pJXnEMjdnFTiQibFFmElcsasJXDbdI/EPhA==",
        "dependencies": {
          "@types/eslint": "@types/eslint@8.4.10",
          "@types/estree": "@types/estree@0.0.51"
        }
      },
      "@types/eslint@8.4.10": {
        "integrity": "sha512-Sl/HOqN8NKPmhWo2VBEPm0nvHnu2LL3v9vKo8MEq0EtbJ4eVzGPl41VNPvn5E1i5poMk4/XD8UriLHpJvEP/Nw==",
        "dependencies": {
          "@types/estree": "@types/estree@0.0.51",
          "@types/json-schema": "@types/json-schema@7.0.11"
        }
      },
      "@types/estree@0.0.51": {
        "integrity": "sha512-CuPgU6f3eT/XgKKPqKd/gLZV1Xmvf1a2R5POBOGQa6uv82xpls89HU5zKeVoyR8XzHd1RGNOlQlvUe3CFkjWNQ==",
        "dependencies": {}
      },
      "@types/json-schema@7.0.11": {
        "integrity": "sha512-wOuvG1SN4Us4rez+tylwwwCV1psiNVOkJeM3AUWUNWg/jDQY2+HE/444y5gc+jBmRqASOm2Oeh5c1axHobwRKQ==",
        "dependencies": {}
      },
      "@types/node@18.8.4": {
        "integrity": "sha512-WdlVphvfR/GJCLEMbNA8lJ0lhFNBj4SW3O+O5/cEGw9oYrv0al9zTwuQsq+myDUXgNx2jgBynoVgZ2MMJ6pbow==",
        "dependencies": {}
      },
      "@webassemblyjs/ast@1.11.1": {
        "integrity": "sha512-ukBh14qFLjxTQNTXocdyksN5QdM28S1CxHt2rdskFyL+xFV7VremuBLVbmCePj+URalXBENx/9Lm7lnhihtCSw==",
        "dependencies": {
          "@webassemblyjs/helper-numbers": "@webassemblyjs/helper-numbers@1.11.1",
          "@webassemblyjs/helper-wasm-bytecode": "@webassemblyjs/helper-wasm-bytecode@1.11.1"
        }
      },
      "@webassemblyjs/floating-point-hex-parser@1.11.1": {
        "integrity": "sha512-iGRfyc5Bq+NnNuX8b5hwBrRjzf0ocrJPI6GWFodBFzmFnyvrQ83SHKhmilCU/8Jv67i4GJZBMhEzltxzcNagtQ==",
        "dependencies": {}
      },
      "@webassemblyjs/helper-api-error@1.11.1": {
        "integrity": "sha512-RlhS8CBCXfRUR/cwo2ho9bkheSXG0+NwooXcc3PAILALf2QLdFyj7KGsKRbVc95hZnhnERon4kW/D3SZpp6Tcg==",
        "dependencies": {}
      },
      "@webassemblyjs/helper-buffer@1.11.1": {
        "integrity": "sha512-gwikF65aDNeeXa8JxXa2BAk+REjSyhrNC9ZwdT0f8jc4dQQeDQ7G4m0f2QCLPJiMTTO6wfDmRmj/pW0PsUvIcA==",
        "dependencies": {}
      },
      "@webassemblyjs/helper-numbers@1.11.1": {
        "integrity": "sha512-vDkbxiB8zfnPdNK9Rajcey5C0w+QJugEglN0of+kmO8l7lDb77AnlKYQF7aarZuCrv+l0UvqL+68gSDr3k9LPQ==",
        "dependencies": {
          "@webassemblyjs/floating-point-hex-parser": "@webassemblyjs/floating-point-hex-parser@1.11.1",
          "@webassemblyjs/helper-api-error": "@webassemblyjs/helper-api-error@1.11.1",
          "@xtuc/long": "@xtuc/long@4.2.2"
        }
      },
      "@webassemblyjs/helper-wasm-bytecode@1.11.1": {
        "integrity": "sha512-PvpoOGiJwXeTrSf/qfudJhwlvDQxFgelbMqtq52WWiXC6Xgg1IREdngmPN3bs4RoO83PnL/nFrxucXj1+BX62Q==",
        "dependencies": {}
      },
      "@webassemblyjs/helper-wasm-section@1.11.1": {
        "integrity": "sha512-10P9No29rYX1j7F3EVPX3JvGPQPae+AomuSTPiF9eBQeChHI6iqjMIwR9JmOJXwpnn/oVGDk7I5IlskuMwU/pg==",
        "dependencies": {
          "@webassemblyjs/ast": "@webassemblyjs/ast@1.11.1",
          "@webassemblyjs/helper-buffer": "@webassemblyjs/helper-buffer@1.11.1",
          "@webassemblyjs/helper-wasm-bytecode": "@webassemblyjs/helper-wasm-bytecode@1.11.1",
          "@webassemblyjs/wasm-gen": "@webassemblyjs/wasm-gen@1.11.1"
        }
      },
      "@webassemblyjs/ieee754@1.11.1": {
        "integrity": "sha512-hJ87QIPtAMKbFq6CGTkZYJivEwZDbQUgYd3qKSadTNOhVY7p+gfP6Sr0lLRVTaG1JjFj+r3YchoqRYxNH3M0GQ==",
        "dependencies": { "@xtuc/ieee754": "@xtuc/ieee754@1.2.0" }
      },
      "@webassemblyjs/leb128@1.11.1": {
        "integrity": "sha512-BJ2P0hNZ0u+Th1YZXJpzW6miwqQUGcIHT1G/sf72gLVD9DZ5AdYTqPNbHZh6K1M5VmKvFXwGSWZADz+qBWxeRw==",
        "dependencies": { "@xtuc/long": "@xtuc/long@4.2.2" }
      },
      "@webassemblyjs/utf8@1.11.1": {
        "integrity": "sha512-9kqcxAEdMhiwQkHpkNiorZzqpGrodQQ2IGrHHxCy+Ozng0ofyMA0lTqiLkVs1uzTRejX+/O0EOT7KxqVPuXosQ==",
        "dependencies": {}
      },
      "@webassemblyjs/wasm-edit@1.11.1": {
        "integrity": "sha512-g+RsupUC1aTHfR8CDgnsVRVZFJqdkFHpsHMfJuWQzWU3tvnLC07UqHICfP+4XyL2tnr1amvl1Sdp06TnYCmVkA==",
        "dependencies": {
          "@webassemblyjs/ast": "@webassemblyjs/ast@1.11.1",
          "@webassemblyjs/helper-buffer": "@webassemblyjs/helper-buffer@1.11.1",
          "@webassemblyjs/helper-wasm-bytecode": "@webassemblyjs/helper-wasm-bytecode@1.11.1",
          "@webassemblyjs/helper-wasm-section": "@webassemblyjs/helper-wasm-section@1.11.1",
          "@webassemblyjs/wasm-gen": "@webassemblyjs/wasm-gen@1.11.1",
          "@webassemblyjs/wasm-opt": "@webassemblyjs/wasm-opt@1.11.1",
          "@webassemblyjs/wasm-parser": "@webassemblyjs/wasm-parser@1.11.1",
          "@webassemblyjs/wast-printer": "@webassemblyjs/wast-printer@1.11.1"
        }
      },
      "@webassemblyjs/wasm-gen@1.11.1": {
        "integrity": "sha512-F7QqKXwwNlMmsulj6+O7r4mmtAlCWfO/0HdgOxSklZfQcDu0TpLiD1mRt/zF25Bk59FIjEuGAIyn5ei4yMfLhA==",
        "dependencies": {
          "@webassemblyjs/ast": "@webassemblyjs/ast@1.11.1",
          "@webassemblyjs/helper-wasm-bytecode": "@webassemblyjs/helper-wasm-bytecode@1.11.1",
          "@webassemblyjs/ieee754": "@webassemblyjs/ieee754@1.11.1",
          "@webassemblyjs/leb128": "@webassemblyjs/leb128@1.11.1",
          "@webassemblyjs/utf8": "@webassemblyjs/utf8@1.11.1"
        }
      },
      "@webassemblyjs/wasm-opt@1.11.1": {
        "integrity": "sha512-VqnkNqnZlU5EB64pp1l7hdm3hmQw7Vgqa0KF/KCNO9sIpI6Fk6brDEiX+iCOYrvMuBWDws0NkTOxYEb85XQHHw==",
        "dependencies": {
          "@webassemblyjs/ast": "@webassemblyjs/ast@1.11.1",
          "@webassemblyjs/helper-buffer": "@webassemblyjs/helper-buffer@1.11.1",
          "@webassemblyjs/wasm-gen": "@webassemblyjs/wasm-gen@1.11.1",
          "@webassemblyjs/wasm-parser": "@webassemblyjs/wasm-parser@1.11.1"
        }
      },
      "@webassemblyjs/wasm-parser@1.11.1": {
        "integrity": "sha512-rrBujw+dJu32gYB7/Lup6UhdkPx9S9SnobZzRVL7VcBH9Bt9bCBLEuX/YXOOtBsOZ4NQrRykKhffRWHvigQvOA==",
        "dependencies": {
          "@webassemblyjs/ast": "@webassemblyjs/ast@1.11.1",
          "@webassemblyjs/helper-api-error": "@webassemblyjs/helper-api-error@1.11.1",
          "@webassemblyjs/helper-wasm-bytecode": "@webassemblyjs/helper-wasm-bytecode@1.11.1",
          "@webassemblyjs/ieee754": "@webassemblyjs/ieee754@1.11.1",
          "@webassemblyjs/leb128": "@webassemblyjs/leb128@1.11.1",
          "@webassemblyjs/utf8": "@webassemblyjs/utf8@1.11.1"
        }
      },
      "@webassemblyjs/wast-printer@1.11.1": {
        "integrity": "sha512-IQboUWM4eKzWW+N/jij2sRatKMh99QEelo3Eb2q0qXkvPRISAj8Qxtmw5itwqK+TTkBuUIE45AxYPToqPtL5gg==",
        "dependencies": {
          "@webassemblyjs/ast": "@webassemblyjs/ast@1.11.1",
          "@xtuc/long": "@xtuc/long@4.2.2"
        }
      },
      "@webpack-cli/configtest@2.0.0_webpack@5.75.0__acorn@8.8.0__webpack@5.75.0___acorn@8.8.0_webpack-cli@5.0.0__webpack@5.75.0___acorn@8.8.0___webpack@5.75.0____acorn@8.8.0__webpack-cli@5.0.0___webpack@5.75.0____acorn@8.8.0____webpack@5.75.0_____acorn@8.8.0": {
        "integrity": "sha512-war4OU8NGjBqU3DP3bx6ciODXIh7dSXcpQq+P4K2Tqyd8L5OjZ7COx9QXx/QdCIwL2qoX09Wr4Cwf7uS4qdEng==",
        "dependencies": {
          "webpack": "webpack@5.75.0_acorn@8.8.0_webpack@5.75.0__acorn@8.8.0",
          "webpack-cli": "webpack-cli@5.0.0_webpack@5.75.0__acorn@8.8.0__webpack@5.75.0___acorn@8.8.0_webpack-cli@5.0.0__webpack@5.75.0___acorn@8.8.0___webpack@5.75.0____acorn@8.8.0_webpack-cli@5.0.0__webpack@5.75.0___acorn@8.8.0___webpack@5.75.0____acorn@8.8.0__webpack-cli@5.0.0___webpack@5.75.0____acorn@8.8.0____webpack@5.75.0_____acorn@8.8.0_webpack-cli@5.0.0__webpack@5.75.0___acorn@8.8.0___webpack@5.75.0____acorn@8.8.0__webpack-cli@5.0.0___webpack@5.75.0____acorn@8.8.0____webpack@5.75.0_____acorn@8.8.0__webpack-cli@5.0.0___webpack@5.75.0____acorn@8.8.0____webpack@5.75.0_____acorn@8.8.0___webpack-cli@5.0.0____webpack@5.75.0_____acorn@8.8.0_____webpack@5.75.0______acorn@8.8.0"
        }
      },
      "@webpack-cli/info@2.0.0_webpack@5.75.0__acorn@8.8.0__webpack@5.75.0___acorn@8.8.0_webpack-cli@5.0.0__webpack@5.75.0___acorn@8.8.0___webpack@5.75.0____acorn@8.8.0__webpack-cli@5.0.0___webpack@5.75.0____acorn@8.8.0____webpack@5.75.0_____acorn@8.8.0__webpack-cli@5.0.0___webpack@5.75.0____acorn@8.8.0____webpack@5.75.0_____acorn@8.8.0___webpack-cli@5.0.0____webpack@5.75.0_____acorn@8.8.0_____webpack@5.75.0______acorn@8.8.0": {
        "integrity": "sha512-NNxDgbo4VOkNhOlTgY0Elhz3vKpOJq4/PKeKg7r8cmYM+GQA9vDofLYyup8jS6EpUvhNmR30cHTCEIyvXpskwA==",
        "dependencies": {
          "webpack": "webpack@5.75.0_acorn@8.8.0_webpack@5.75.0__acorn@8.8.0",
          "webpack-cli": "webpack-cli@5.0.0_webpack@5.75.0__acorn@8.8.0__webpack@5.75.0___acorn@8.8.0_webpack-cli@5.0.0__webpack@5.75.0___acorn@8.8.0___webpack@5.75.0____acorn@8.8.0_webpack-cli@5.0.0__webpack@5.75.0___acorn@8.8.0___webpack@5.75.0____acorn@8.8.0__webpack-cli@5.0.0___webpack@5.75.0____acorn@8.8.0____webpack@5.75.0_____acorn@8.8.0_webpack-cli@5.0.0__webpack@5.75.0___acorn@8.8.0___webpack@5.75.0____acorn@8.8.0__webpack-cli@5.0.0___webpack@5.75.0____acorn@8.8.0____webpack@5.75.0_____acorn@8.8.0__webpack-cli@5.0.0___webpack@5.75.0____acorn@8.8.0____webpack@5.75.0_____acorn@8.8.0___webpack-cli@5.0.0____webpack@5.75.0_____acorn@8.8.0_____webpack@5.75.0______acorn@8.8.0"
        }
      },
      "@webpack-cli/serve@2.0.0_webpack@5.75.0__acorn@8.8.0__webpack@5.75.0___acorn@8.8.0_webpack-cli@5.0.0__webpack@5.75.0___acorn@8.8.0___webpack@5.75.0____acorn@8.8.0__webpack-cli@5.0.0___webpack@5.75.0____acorn@8.8.0____webpack@5.75.0_____acorn@8.8.0__webpack-cli@5.0.0___webpack@5.75.0____acorn@8.8.0____webpack@5.75.0_____acorn@8.8.0___webpack-cli@5.0.0____webpack@5.75.0_____acorn@8.8.0_____webpack@5.75.0______acorn@8.8.0__webpack-cli@5.0.0___webpack@5.75.0____acorn@8.8.0____webpack@5.75.0_____acorn@8.8.0___webpack-cli@5.0.0____webpack@5.75.0_____acorn@8.8.0_____webpack@5.75.0______acorn@8.8.0___webpack-cli@5.0.0____webpack@5.75.0_____acorn@8.8.0_____webpack@5.75.0______acorn@8.8.0____webpack-cli@5.0.0_____webpack@5.75.0______acorn@8.8.0______webpack@5.75.0_______acorn@8.8.0": {
        "integrity": "sha512-Rumq5mHvGXamnOh3O8yLk1sjx8dB30qF1OeR6VC00DIR6SLJ4bwwUGKC4pE7qBFoQyyh0H9sAg3fikYgAqVR0w==",
        "dependencies": {
          "webpack": "webpack@5.75.0_acorn@8.8.0_webpack@5.75.0__acorn@8.8.0",
          "webpack-cli": "webpack-cli@5.0.0_webpack@5.75.0__acorn@8.8.0__webpack@5.75.0___acorn@8.8.0_webpack-cli@5.0.0__webpack@5.75.0___acorn@8.8.0___webpack@5.75.0____acorn@8.8.0_webpack-cli@5.0.0__webpack@5.75.0___acorn@8.8.0___webpack@5.75.0____acorn@8.8.0__webpack-cli@5.0.0___webpack@5.75.0____acorn@8.8.0____webpack@5.75.0_____acorn@8.8.0_webpack-cli@5.0.0__webpack@5.75.0___acorn@8.8.0___webpack@5.75.0____acorn@8.8.0__webpack-cli@5.0.0___webpack@5.75.0____acorn@8.8.0____webpack@5.75.0_____acorn@8.8.0__webpack-cli@5.0.0___webpack@5.75.0____acorn@8.8.0____webpack@5.75.0_____acorn@8.8.0___webpack-cli@5.0.0____webpack@5.75.0_____acorn@8.8.0_____webpack@5.75.0______acorn@8.8.0"
        }
      },
      "@xtuc/ieee754@1.2.0": {
        "integrity": "sha512-DX8nKgqcGwsc0eJSqYt5lwP4DH5FlHnmuWWBRy7X0NcaGR0ZtuyeESgMwTYVEtxmsNGY+qit4QYT/MIYTOTPeA==",
        "dependencies": {}
      },
      "@xtuc/long@4.2.2": {
        "integrity": "sha512-NuHqBY1PB/D8xU6s/thBgOAiAP7HOYDQ32+BFZILJ8ivkUkAHQnWfn6WhL79Owj1qmUnoN/YPhktdIoucipkAQ==",
        "dependencies": {}
      },
      "acorn-import-assertions@1.8.0_acorn@8.8.0": {
        "integrity": "sha512-m7VZ3jwz4eK6A4Vtt8Ew1/mNbP24u0FhdyfA7fSvnJR6LMdfOYnmuIrrJAgrYfYJ10F/otaHTtrtrtmHdMNzEw==",
        "dependencies": { "acorn": "acorn@8.8.0" }
      },
      "acorn@8.8.0": {
        "integrity": "sha512-QOxyigPVrpZ2GXT+PFyZTl6TtOFc5egxHIP9IlQ+RbupQuX4RkT/Bee4/kQuC02Xkzg84JcT7oLYtDIQxp+v7w==",
        "dependencies": {}
      },
      "ajv-keywords@3.5.2_ajv@6.12.6": {
        "integrity": "sha512-5p6WTN0DdTGVQk6VjcEju19IgaHudalcfabD7yhDGeA6bcQnmL+CpveLJq/3hvfwd1aof6L386Ougkx6RfyMIQ==",
        "dependencies": { "ajv": "ajv@6.12.6" }
      },
      "ajv@6.12.6": {
        "integrity": "sha512-j3fVLgvTo527anyYyJOGTYJbG+vnnQYvE0m5mmkc1TK+nxAppkCLMIL0aZ4dblVCNoGShhm+kzE4ZUykBoMg4g==",
        "dependencies": {
          "fast-deep-equal": "fast-deep-equal@3.1.3",
          "fast-json-stable-stringify": "fast-json-stable-stringify@2.1.0",
          "json-schema-traverse": "json-schema-traverse@0.4.1",
          "uri-js": "uri-js@4.4.1"
        }
      },
      "browserslist@4.21.4_browserslist@4.21.4": {
        "integrity": "sha512-CBHJJdDmgjl3daYjN5Cp5kbTf1mUhZoS+beLklHIvkOWscs83YAhLlF3Wsh/lciQYAcbBJgTOD44VtG31ZM4Hw==",
        "dependencies": {
          "caniuse-lite": "caniuse-lite@1.0.30001431",
          "electron-to-chromium": "electron-to-chromium@1.4.284",
          "node-releases": "node-releases@2.0.6",
          "update-browserslist-db": "update-browserslist-db@1.0.10_browserslist@4.21.4__browserslist@4.21.4"
        }
      },
      "buffer-from@1.1.2": {
        "integrity": "sha512-E+XQCRwSbaaiChtv6k6Dwgc+bx+Bs6vuKJHHl5kox/BaKbhiXzqQOwK4cO22yElGp2OCmjwVhT3HmxgyPGnJfQ==",
        "dependencies": {}
      },
      "caniuse-lite@1.0.30001431": {
        "integrity": "sha512-zBUoFU0ZcxpvSt9IU66dXVT/3ctO1cy4y9cscs1szkPlcWb6pasYM144GqrUygUbT+k7cmUCW61cvskjcv0enQ==",
        "dependencies": {}
      },
      "chrome-trace-event@1.0.3": {
        "integrity": "sha512-p3KULyQg4S7NIHixdwbGX+nFHkoBiA4YQmyWtjb8XngSKV124nJmRysgAeujbUVb15vh+RvFUfCPqU7rXk+hZg==",
        "dependencies": {}
      },
      "clone-deep@4.0.1": {
        "integrity": "sha512-neHB9xuzh/wk0dIHweyAXv2aPGZIVk3pLMe+/RNzINf17fe0OG96QroktYAUm7SM1PBnzTabaLboqqxDyMU+SQ==",
        "dependencies": {
          "is-plain-object": "is-plain-object@2.0.4",
          "kind-of": "kind-of@6.0.3",
          "shallow-clone": "shallow-clone@3.0.1"
        }
      },
      "colorette@2.0.19": {
        "integrity": "sha512-3tlv/dIP7FWvj3BsbHrGLJ6l/oKh1O3TcgBqMn+yyCagOxc23fyzDS6HypQbgxWbkpDnf52p1LuR4eWDQ/K9WQ==",
        "dependencies": {}
      },
      "commander@2.20.3": {
        "integrity": "sha512-GpVkmM8vF2vQUkj2LvZmD35JxeJOLCwJ9cUkugyk2nuhbv3+mJvpLYYt+0+USMxE+oj+ey/lJEnhZw75x/OMcQ==",
        "dependencies": {}
      },
      "commander@9.4.1": {
        "integrity": "sha512-5EEkTNyHNGFPD2H+c/dXXfQZYa/scCKasxWcXJaWnNJ99pnQN9Vnmqow+p+PlFPE63Q6mThaZws1T+HxfpgtPw==",
        "dependencies": {}
      },
      "create-vite-extra@0.1.9": {
        "integrity": "sha512-C68Bk5fjlM2q64m5xMuVbenzeyi9YZHXzensFi+4xtgqjZZCNNTnSymln64WZBvXaxM9Lt0uPMfSLIIY8AWLiw==",
        "dependencies": {
          "kolorist": "kolorist@1.6.0",
          "minimist": "minimist@1.2.7",
          "prompts": "prompts@2.4.2"
        }
      },
      "cross-spawn@7.0.3": {
        "integrity": "sha512-iRDPJKUPVEND7dHPO8rkbOnPpyDygcDFtWjpeWNCgy8WP2rXcxXL8TskReQl6OrB2G7+UJrags1q15Fudc7G6w==",
        "dependencies": {
          "path-key": "path-key@3.1.1",
          "shebang-command": "shebang-command@2.0.0",
          "which": "which@2.0.2"
        }
      },
      "electron-to-chromium@1.4.284": {
        "integrity": "sha512-M8WEXFuKXMYMVr45fo8mq0wUrrJHheiKZf6BArTKk9ZBYCKJEOU5H8cdWgDT+qCVZf7Na4lVUaZsA+h6uA9+PA==",
        "dependencies": {}
      },
      "enhanced-resolve@5.12.0": {
        "integrity": "sha512-QHTXI/sZQmko1cbDoNAa3mJ5qhWUUNAq3vR0/YiD379fWQrcfuoX1+HW2S0MTt7XmoPLapdaDKUtelUSPic7hQ==",
        "dependencies": {
          "graceful-fs": "graceful-fs@4.2.10",
          "tapable": "tapable@2.2.1"
        }
      },
      "envinfo@7.8.1": {
        "integrity": "sha512-/o+BXHmB7ocbHEAs6F2EnG0ogybVVUdkRunTT2glZU9XAaGmhqskrvKwqXuDfNjEO0LZKWdejEEpnq8aM0tOaw==",
        "dependencies": {}
      },
      "es-module-lexer@0.9.3": {
        "integrity": "sha512-1HQ2M2sPtxwnvOvT1ZClHyQDiggdNjURWpY2we6aMKCQiUVxTmVs2UYPLIrD84sS+kMdUwfBSylbJPwNnBrnHQ==",
        "dependencies": {}
      },
      "escalade@3.1.1": {
        "integrity": "sha512-k0er2gUkLf8O0zKJiAhmkTnJlTvINGv7ygDNPbeIsX/TJjGJZHuh9B2UxbsaEkmlEo9MfhrSzmhIlhRlI2GXnw==",
        "dependencies": {}
      },
      "eslint-scope@5.1.1": {
        "integrity": "sha512-2NxwbF/hZ0KpepYN0cNbo+FN6XoK7GaHlQhgx/hIZl6Va0bF45RQOOwhLIy8lQDbuCiadSLCBnH2CFYquit5bw==",
        "dependencies": {
          "esrecurse": "esrecurse@4.3.0",
          "estraverse": "estraverse@4.3.0"
        }
      },
      "esrecurse@4.3.0": {
        "integrity": "sha512-KmfKL3b6G+RXvP8N1vr3Tq1kL/oCFgn2NYXEtqP8/L3pKapUA4G8cFVaoF3SU323CD4XypR/ffioHmkti6/Tag==",
        "dependencies": { "estraverse": "estraverse@5.3.0" }
      },
      "estraverse@4.3.0": {
        "integrity": "sha512-39nnKffWz8xN1BU/2c79n9nB9HDzo0niYUqx6xyqUnyoAnQyyWpOTdZEeiCch8BBu515t4wp9ZmgVfVhn9EBpw==",
        "dependencies": {}
      },
      "estraverse@5.3.0": {
        "integrity": "sha512-MMdARuVEQziNTeJD8DgMqmhwR11BRQ/cBP+pLtYdSTnf3MIO8fFeiINEbX36ZdNlfU/7A9f3gUw49B3oQsvwBA==",
        "dependencies": {}
      },
      "events@3.3.0": {
        "integrity": "sha512-mQw+2fkQbALzQ7V0MY0IqdnXNOeTtP4r0lN9z7AAawCXgqea7bDii20AYrIBrFd/Hx0M2Ocz6S111CaFkUcb0Q==",
        "dependencies": {}
      },
      "fast-deep-equal@3.1.3": {
        "integrity": "sha512-f3qQ9oQy9j2AhBe/H9VC91wLmKBCCU/gDOnKNAYG5hswO7BLKj09Hc5HYNz9cGI++xlpDCIgDaitVs03ATR84Q==",
        "dependencies": {}
      },
      "fast-json-stable-stringify@2.1.0": {
        "integrity": "sha512-lhd/wF+Lk98HZoTCtlVraHtfh5XYijIjalXck7saUtuanSDyLMxnHhSXEDJqHxD7msR8D0uCmqlkwjCV8xvwHw==",
        "dependencies": {}
      },
      "fastest-levenshtein@1.0.16": {
        "integrity": "sha512-eRnCtTTtGZFpQCwhJiUOuxPQWRXVKYDn0b2PeHfXL6/Zi53SLAzAHfVhVWK2AryC/WH05kGfxhFIPvTF0SXQzg==",
        "dependencies": {}
      },
      "find-up@4.1.0": {
        "integrity": "sha512-PpOwAdQ/YlXQ2vj8a3h8IipDuYRi3wceVQQGYWxNINccq40Anw7BlsEXCMbt1Zt+OLA6Fq9suIpIWD0OsnISlw==",
        "dependencies": {
          "locate-path": "locate-path@5.0.0",
          "path-exists": "path-exists@4.0.0"
        }
      },
      "function-bind@1.1.1": {
        "integrity": "sha512-yIovAzMX49sF8Yl58fSCWJ5svSLuaibPxXQJFLmBObTuCr0Mf1KiPopGM9NiFjiYBCbfaa2Fh6breQ6ANVTI0A==",
        "dependencies": {}
      },
      "glob-to-regexp@0.4.1": {
        "integrity": "sha512-lkX1HJXwyMcprw/5YUZc2s7DrpAiHB21/V+E1rHUrVNokkvB6bqMzT0VfV6/86ZNabt1k14YOIaT7nDvOX3Iiw==",
        "dependencies": {}
      },
      "graceful-fs@4.2.10": {
        "integrity": "sha512-9ByhssR2fPVsNZj478qUUbKfmL0+t5BDVyjShtyZZLiK7ZDAArFFfopyOTj0M05wE2tJPisA4iTnnXl2YoPvOA==",
        "dependencies": {}
      },
      "has-flag@4.0.0": {
        "integrity": "sha512-EykJT/Q1KjTWctppgIAgfSO0tKVuZUjhgMr17kqTumMl6Afv3EISleU7qZUzoXDFTAHTDC4NOoG/ZxU3EvlMPQ==",
        "dependencies": {}
      },
      "has@1.0.3": {
        "integrity": "sha512-f2dvO0VU6Oej7RkWJGrehjbzMAjFp5/VKPp5tTpWIV4JHHZK1/BxbFRtf/siA2SWTe09caDmVtYYzWEIbBS4zw==",
        "dependencies": { "function-bind": "function-bind@1.1.1" }
      },
      "import-local@3.1.0": {
        "integrity": "sha512-ASB07uLtnDs1o6EHjKpX34BKYDSqnFerfTOJL2HvMqF70LnxpjkzDB8J44oT9pu4AMPkQwf8jl6szgvNd2tRIg==",
        "dependencies": {
          "pkg-dir": "pkg-dir@4.2.0",
          "resolve-cwd": "resolve-cwd@3.0.0"
        }
      },
      "interpret@3.1.1": {
        "integrity": "sha512-6xwYfHbajpoF0xLW+iwLkhwgvLoZDfjYfoFNu8ftMoXINzwuymNLd9u/KmwtdT2GbR+/Cz66otEGEVVUHX9QLQ==",
        "dependencies": {}
      },
      "is-core-module@2.11.0": {
        "integrity": "sha512-RRjxlvLDkD1YJwDbroBHMb+cukurkDWNyHx7D3oNB5x9rb5ogcksMC5wHCadcXoo67gVr/+3GFySh3134zi6rw==",
        "dependencies": { "has": "has@1.0.3" }
      },
      "is-plain-object@2.0.4": {
        "integrity": "sha512-h5PpgXkWitc38BBMYawTYMWJHFZJVnBquFE57xFpjB8pJFiF6gZ+bU+WyI/yqXiFR5mdLsgYNaPe8uao6Uv9Og==",
        "dependencies": { "isobject": "isobject@3.0.1" }
      },
      "isexe@2.0.0": {
        "integrity": "sha512-RHxMLp9lnKHGHRng9QFhRCMbYAcVpn69smSGcq3f36xjgVVWThj4qqLbTLlq7Ssj8B+fIQ1EuCEGI2lKsyQeIw==",
        "dependencies": {}
      },
      "isobject@3.0.1": {
        "integrity": "sha512-WhB9zCku7EGTj/HQQRz5aUQEUeoQZH2bWcltRErOpymJ4boYE6wL9Tbr23krRPSZ+C5zqNSrSw+Cc7sZZ4b7vg==",
        "dependencies": {}
      },
      "jest-worker@27.5.1": {
        "integrity": "sha512-7vuh85V5cdDofPyxn58nrPjBktZo0u9x1g8WtjQol+jZDaE+fhN+cIvTj11GndBnMnyfrUOG1sZQxCdjKh+DKg==",
        "dependencies": {
          "@types/node": "@types/node@18.8.4",
          "merge-stream": "merge-stream@2.0.0",
          "supports-color": "supports-color@8.1.1"
        }
      },
      "json-parse-even-better-errors@2.3.1": {
        "integrity": "sha512-xyFwyhro/JEof6Ghe2iz2NcXoj2sloNsWr/XsERDK/oiPCfaNhl5ONfp+jQdAZRQQ0IJWNzH9zIZF7li91kh2w==",
        "dependencies": {}
      },
      "json-schema-traverse@0.4.1": {
        "integrity": "sha512-xbbCH5dCYU5T8LcEhhuh7HJ88HXuW3qsI3Y0zOZFKfZEHcpWiHU/Jxzk629Brsab/mMiHQti9wMP+845RPe3Vg==",
        "dependencies": {}
      },
      "kind-of@6.0.3": {
        "integrity": "sha512-dcS1ul+9tmeD95T+x28/ehLgd9mENa3LsvDTtzm3vyBEO7RPptvAD+t44WVXaUjTBRcrpFeFlC8WCruUR456hw==",
        "dependencies": {}
      },
      "kleur@3.0.3": {
        "integrity": "sha512-eTIzlVOSUR+JxdDFepEYcBMtZ9Qqdef+rnzWdRZuMbOywu5tO2w2N7rqjoANZ5k9vywhL6Br1VRjUIgTQx4E8w==",
        "dependencies": {}
      },
      "kolorist@1.6.0": {
        "integrity": "sha512-dLkz37Ab97HWMx9KTes3Tbi3D1ln9fCAy2zr2YVExJasDRPGRaKcoE4fycWNtnCAJfjFqe0cnY+f8KT2JePEXQ==",
        "dependencies": {}
      },
      "loader-runner@4.3.0": {
        "integrity": "sha512-3R/1M+yS3j5ou80Me59j7F9IMs4PXs3VqRrm0TU3AbKPxlmpoY1TNscJV/oGJXo8qCatFGTfDbY6W6ipGOYXfg==",
        "dependencies": {}
      },
      "locate-path@5.0.0": {
        "integrity": "sha512-t7hw9pI+WvuwNJXwk5zVHpyhIqzg2qTlklJOf0mVxGSbe3Fp2VieZcduNYjaLDoy6p9uGpQEGWG87WpMKlNq8g==",
        "dependencies": { "p-locate": "p-locate@4.1.0" }
      },
      "merge-stream@2.0.0": {
        "integrity": "sha512-abv/qOcuPfk3URPfDzmZU1LKmuw8kT+0nIHvKrKgFrwifol/doWcdA4ZqsWQ8ENrFKkd67Mfpo/LovbIUsbt3w==",
        "dependencies": {}
      },
      "mime-db@1.52.0": {
        "integrity": "sha512-sPU4uV7dYlvtWJxwwxHD0PuihVNiE7TyAbQ5SWxDCB9mUYvOgroQOwYQQOKPJ8CIbE+1ETVlOoK1UC2nU3gYvg==",
        "dependencies": {}
      },
      "mime-types@2.1.35": {
        "integrity": "sha512-ZDY+bPm5zTTF+YpCrAU9nK0UgICYPT0QtT1NZWFv4s++TNkcgVaT0g6+4R2uI4MjQjzysHB1zxuWL50hzaeXiw==",
        "dependencies": { "mime-db": "mime-db@1.52.0" }
      },
      "minimist@1.2.7": {
        "integrity": "sha512-bzfL1YUZsP41gmu/qjrEk0Q6i2ix/cVeAhbCbqH9u3zYutS1cLg00qhrD0M2MVdCcx4Sc0UpP2eBWo9rotpq6g==",
        "dependencies": {}
      },
      "neo-async@2.6.2": {
        "integrity": "sha512-Yd3UES5mWCSqR+qNT93S3UoYUkqAZ9lLg8a7g9rimsWmYGK8cVToA4/sF3RrshdyV3sAGMXVUmpMYOw+dLpOuw==",
        "dependencies": {}
      },
      "node-releases@2.0.6": {
        "integrity": "sha512-PiVXnNuFm5+iYkLBNeq5211hvO38y63T0i2KKh2KnUs3RpzJ+JtODFjkD8yjLwnDkTYF1eKXheUwdssR+NRZdg==",
        "dependencies": {}
      },
      "p-limit@2.3.0": {
        "integrity": "sha512-//88mFWSJx8lxCzwdAABTJL2MyWB12+eIY7MDL2SqLmAkeKU9qxRvWuSyTjm3FUmpBEMuFfckAIqEaVGUDxb6w==",
        "dependencies": { "p-try": "p-try@2.2.0" }
      },
      "p-locate@4.1.0": {
        "integrity": "sha512-R79ZZ/0wAxKGu3oYMlz8jy/kbhsNrS7SKZ7PxEHBgJ5+F2mtFW2fK2cOtBh1cHYkQsbzFV7I+EoRKe6Yt0oK7A==",
        "dependencies": { "p-limit": "p-limit@2.3.0" }
      },
      "p-try@2.2.0": {
        "integrity": "sha512-R4nPAVTAU0B9D35/Gk3uJf/7XYbQcyohSKdvAxIRSNghFl4e71hVoGnBNQz9cWaXxO2I10KTC+3jMdvvoKw6dQ==",
        "dependencies": {}
      },
      "path-exists@4.0.0": {
        "integrity": "sha512-ak9Qy5Q7jYb2Wwcey5Fpvg2KoAc/ZIhLSLOSBmRmygPsGwkVVt0fZa0qrtMz+m6tJTAHfZQ8FnmB4MG4LWy7/w==",
        "dependencies": {}
      },
      "path-key@3.1.1": {
        "integrity": "sha512-ojmeN0qd+y0jszEtoY48r0Peq5dwMEkIlCOu6Q5f41lfkswXuKtYrhgoTpLnyIcHm24Uhqx+5Tqm2InSwLhE6Q==",
        "dependencies": {}
      },
      "path-parse@1.0.7": {
        "integrity": "sha512-LDJzPVEEEPR+y48z93A0Ed0yXb8pAByGWo/k5YYdYgpY2/2EsOsksJrq7lOHxryrVOn1ejG6oAp8ahvOIQD8sw==",
        "dependencies": {}
      },
      "picocolors@1.0.0": {
        "integrity": "sha512-1fygroTLlHu66zi26VoTDv8yRgm0Fccecssto+MhsZ0D/DGW2sm8E8AjW7NU5VVTRt5GxbeZ5qBuJr+HyLYkjQ==",
        "dependencies": {}
      },
      "pkg-dir@4.2.0": {
        "integrity": "sha512-HRDzbaKjC+AOWVXxAU/x54COGeIv9eb+6CkDSQoNTt4XyWoIJvuPsXizxu/Fr23EiekbtZwmh1IcIG/l/a10GQ==",
        "dependencies": { "find-up": "find-up@4.1.0" }
      },
      "prompts@2.4.2": {
        "integrity": "sha512-NxNv/kLguCA7p3jE8oL2aEBsrJWgAakBpgmgK6lpPWV+WuOmY6r2/zbAVnP+T8bQlA0nzHXSJSJW0Hq7ylaD2Q==",
        "dependencies": {
          "kleur": "kleur@3.0.3",
          "sisteransi": "sisteransi@1.0.5"
        }
      },
      "punycode@2.1.1": {
        "integrity": "sha512-XRsRjdf+j5ml+y/6GKHPZbrF/8p2Yga0JPtdqTIY2Xe5ohJPD9saDJJLPvp9+NSBprVvevdXZybnj2cv8OEd0A==",
        "dependencies": {}
      },
      "randombytes@2.1.0": {
        "integrity": "sha512-vYl3iOX+4CKUWuxGi9Ukhie6fsqXqS9FE2Zaic4tNFD2N2QQaXOMFbuKK4QmDHC0JO6B1Zp41J0LpT0oR68amQ==",
        "dependencies": { "safe-buffer": "safe-buffer@5.2.1" }
      },
      "rechoir@0.8.0": {
        "integrity": "sha512-/vxpCXddiX8NGfGO/mTafwjq4aFa/71pvamip0++IQk3zG8cbCj0fifNPrjjF1XMXUne91jL9OoxmdykoEtifQ==",
        "dependencies": { "resolve": "resolve@1.22.1" }
      },
      "resolve-cwd@3.0.0": {
        "integrity": "sha512-OrZaX2Mb+rJCpH/6CpSqt9xFVpN++x01XnN2ie9g6P5/3xelLAkXWVADpdz1IHD/KFfEXyE6V0U01OQ3UO2rEg==",
        "dependencies": { "resolve-from": "resolve-from@5.0.0" }
      },
      "resolve-from@5.0.0": {
        "integrity": "sha512-qYg9KP24dD5qka9J47d0aVky0N+b4fTU89LN9iDnjB5waksiC49rvMB0PrUJQGoTmH50XPiqOvAjDfaijGxYZw==",
        "dependencies": {}
      },
      "resolve@1.22.1": {
        "integrity": "sha512-nBpuuYuY5jFsli/JIs1oldw6fOQCBioohqWZg/2hiaOybXOft4lonv85uDOKXdf8rhyK159cxU5cDcK/NKk8zw==",
        "dependencies": {
          "is-core-module": "is-core-module@2.11.0",
          "path-parse": "path-parse@1.0.7",
          "supports-preserve-symlinks-flag": "supports-preserve-symlinks-flag@1.0.0"
        }
      },
      "safe-buffer@5.2.1": {
        "integrity": "sha512-rp3So07KcdmmKbGvgaNxQSJr7bGVSVk5S9Eq1F+ppbRo70+YeaDxkw5Dd8NPN+GD6bjnYm2VuPuCXmpuYvmCXQ==",
        "dependencies": {}
      },
      "schema-utils@3.1.1_ajv@6.12.6": {
        "integrity": "sha512-Y5PQxS4ITlC+EahLuXaY86TXfR7Dc5lw294alXOq86JAHCihAIZfqv8nNCWvaEJvaC51uN9hbLGeV0cFBdH+Fw==",
        "dependencies": {
          "@types/json-schema": "@types/json-schema@7.0.11",
          "ajv": "ajv@6.12.6",
          "ajv-keywords": "ajv-keywords@3.5.2_ajv@6.12.6"
        }
      },
      "serialize-javascript@6.0.0": {
        "integrity": "sha512-Qr3TosvguFt8ePWqsvRfrKyQXIiW+nGbYpy8XK24NQHE83caxWt+mIymTT19DGFbNWNLfEwsrkSmN64lVWB9ag==",
        "dependencies": { "randombytes": "randombytes@2.1.0" }
      },
      "shallow-clone@3.0.1": {
        "integrity": "sha512-/6KqX+GVUdqPuPPd2LxDDxzX6CAbjJehAAOKlNpqqUpAqPM6HeL8f+o3a+JsyGjn2lv0WY8UsTgUJjU9Ok55NA==",
        "dependencies": { "kind-of": "kind-of@6.0.3" }
      },
      "shebang-command@2.0.0": {
        "integrity": "sha512-kHxr2zZpYtdmrN1qDjrrX/Z1rR1kG8Dx+gkpK1G4eXmvXswmcE1hTWBWYUzlraYw1/yZp6YuDY77YtvbN0dmDA==",
        "dependencies": { "shebang-regex": "shebang-regex@3.0.0" }
      },
      "shebang-regex@3.0.0": {
        "integrity": "sha512-7++dFhtcx3353uBaq8DDR4NuxBetBzC7ZQOhmTQInHEd6bSrXdiEyzCvG07Z44UYdLShWUyXt5M/yhz8ekcb1A==",
        "dependencies": {}
      },
      "sisteransi@1.0.5": {
        "integrity": "sha512-bLGGlR1QxBcynn2d5YmDX4MGjlZvy2MRBDRNHLJ8VI6l6+9FUiyTFNJ0IveOSP0bcXgVDPRcfGqA0pjaqUpfVg==",
        "dependencies": {}
      },
      "source-map-support@0.5.21": {
        "integrity": "sha512-uBHU3L3czsIyYXKX88fdrGovxdSCoTGDRZ6SYXtSRxLZUzHg5P/66Ht6uoUlHu9EZod+inXhKo3qQgwXUT/y1w==",
        "dependencies": {
          "buffer-from": "buffer-from@1.1.2",
          "source-map": "source-map@0.6.1"
        }
      },
      "source-map@0.6.1": {
        "integrity": "sha512-UjgapumWlbMhkBgzT7Ykc5YXUT46F0iKu8SGXq0bcwP5dz/h0Plj6enJqjz1Zbq2l5WaqYnrVbwWOWMyF3F47g==",
        "dependencies": {}
      },
      "supports-color@8.1.1": {
        "integrity": "sha512-MpUEN2OodtUzxvKQl72cUF7RQ5EiHsGvSsVG0ia9c5RbWGL2CI4C7EpPS8UTBIplnlzZiNuV56w+FuNxy3ty2Q==",
        "dependencies": { "has-flag": "has-flag@4.0.0" }
      },
      "supports-preserve-symlinks-flag@1.0.0": {
        "integrity": "sha512-ot0WnXS9fgdkgIcePe6RHNk1WA8+muPa6cSjeR3V8K27q9BB1rTE3R1p7Hv0z1ZyAc8s6Vvv8DIyWf681MAt0w==",
        "dependencies": {}
      },
      "tapable@2.2.1": {
        "integrity": "sha512-GNzQvQTOIP6RyTfE2Qxb8ZVlNmw0n88vp1szwWRimP02mnTsx3Wtn5qRdqY9w2XduFNUgvOwhNnQsjwCp+kqaQ==",
        "dependencies": {}
      },
      "terser-webpack-plugin@5.3.6_webpack@5.75.0__acorn@8.8.0__webpack@5.75.0___acorn@8.8.0": {
        "integrity": "sha512-kfLFk+PoLUQIbLmB1+PZDMRSZS99Mp+/MHqDNmMA6tOItzRt+Npe3E+fsMs5mfcM0wCtrrdU387UnV+vnSffXQ==",
        "dependencies": {
          "@jridgewell/trace-mapping": "@jridgewell/trace-mapping@0.3.17",
          "jest-worker": "jest-worker@27.5.1",
          "schema-utils": "schema-utils@3.1.1_ajv@6.12.6",
          "serialize-javascript": "serialize-javascript@6.0.0",
          "terser": "terser@5.16.0",
          "webpack": "webpack@5.75.0_acorn@8.8.0_webpack@5.75.0__acorn@8.8.0"
        }
      },
      "terser@5.16.0": {
        "integrity": "sha512-KjTV81QKStSfwbNiwlBXfcgMcOloyuRdb62/iLFPGBcVNF4EXjhdYBhYHmbJpiBrVxZhDvltE11j+LBQUxEEJg==",
        "dependencies": {
          "@jridgewell/source-map": "@jridgewell/source-map@0.3.2",
          "acorn": "acorn@8.8.0",
          "commander": "commander@2.20.3",
          "source-map-support": "source-map-support@0.5.21"
        }
      },
      "update-browserslist-db@1.0.10_browserslist@4.21.4__browserslist@4.21.4": {
        "integrity": "sha512-OztqDenkfFkbSG+tRxBeAnCVPckDBcvibKd35yDONx6OU8N7sqgwc7rCbkJ/WcYtVRZ4ba68d6byhC21GFh7sQ==",
        "dependencies": {
          "browserslist": "browserslist@4.21.4_browserslist@4.21.4",
          "escalade": "escalade@3.1.1",
          "picocolors": "picocolors@1.0.0"
        }
      },
      "uri-js@4.4.1": {
        "integrity": "sha512-7rKUyy33Q1yc98pQ1DAmLtwX109F7TIfWlW1Ydo8Wl1ii1SeHieeh0HHfPeL2fMXK6z0s8ecKs9frCuLJvndBg==",
        "dependencies": { "punycode": "punycode@2.1.1" }
      },
      "watchpack@2.4.0": {
        "integrity": "sha512-Lcvm7MGST/4fup+ifyKi2hjyIAwcdI4HRgtvTpIUxBRhB+RFtUh8XtDOxUfctVCnhVi+QQj49i91OyvzkJl6cg==",
        "dependencies": {
          "glob-to-regexp": "glob-to-regexp@0.4.1",
          "graceful-fs": "graceful-fs@4.2.10"
        }
      },
      "webpack-cli@5.0.0_webpack@5.75.0__acorn@8.8.0__webpack@5.75.0___acorn@8.8.0_webpack-cli@5.0.0__webpack@5.75.0___acorn@8.8.0___webpack@5.75.0____acorn@8.8.0_webpack-cli@5.0.0__webpack@5.75.0___acorn@8.8.0___webpack@5.75.0____acorn@8.8.0__webpack-cli@5.0.0___webpack@5.75.0____acorn@8.8.0____webpack@5.75.0_____acorn@8.8.0_webpack-cli@5.0.0__webpack@5.75.0___acorn@8.8.0___webpack@5.75.0____acorn@8.8.0__webpack-cli@5.0.0___webpack@5.75.0____acorn@8.8.0____webpack@5.75.0_____acorn@8.8.0__webpack-cli@5.0.0___webpack@5.75.0____acorn@8.8.0____webpack@5.75.0_____acorn@8.8.0___webpack-cli@5.0.0____webpack@5.75.0_____acorn@8.8.0_____webpack@5.75.0______acorn@8.8.0": {
        "integrity": "sha512-AACDTo20yG+xn6HPW5xjbn2Be4KUzQPebWXsDMHwPPyKh9OnTOJgZN2Nc+g/FZKV3ObRTYsGvibAvc+5jAUrVA==",
        "dependencies": {
          "@discoveryjs/json-ext": "@discoveryjs/json-ext@0.5.7",
          "@webpack-cli/configtest": "@webpack-cli/configtest@2.0.0_webpack@5.75.0__acorn@8.8.0__webpack@5.75.0___acorn@8.8.0_webpack-cli@5.0.0__webpack@5.75.0___acorn@8.8.0___webpack@5.75.0____acorn@8.8.0__webpack-cli@5.0.0___webpack@5.75.0____acorn@8.8.0____webpack@5.75.0_____acorn@8.8.0",
          "@webpack-cli/info": "@webpack-cli/info@2.0.0_webpack@5.75.0__acorn@8.8.0__webpack@5.75.0___acorn@8.8.0_webpack-cli@5.0.0__webpack@5.75.0___acorn@8.8.0___webpack@5.75.0____acorn@8.8.0__webpack-cli@5.0.0___webpack@5.75.0____acorn@8.8.0____webpack@5.75.0_____acorn@8.8.0__webpack-cli@5.0.0___webpack@5.75.0____acorn@8.8.0____webpack@5.75.0_____acorn@8.8.0___webpack-cli@5.0.0____webpack@5.75.0_____acorn@8.8.0_____webpack@5.75.0______acorn@8.8.0",
          "@webpack-cli/serve": "@webpack-cli/serve@2.0.0_webpack@5.75.0__acorn@8.8.0__webpack@5.75.0___acorn@8.8.0_webpack-cli@5.0.0__webpack@5.75.0___acorn@8.8.0___webpack@5.75.0____acorn@8.8.0__webpack-cli@5.0.0___webpack@5.75.0____acorn@8.8.0____webpack@5.75.0_____acorn@8.8.0__webpack-cli@5.0.0___webpack@5.75.0____acorn@8.8.0____webpack@5.75.0_____acorn@8.8.0___webpack-cli@5.0.0____webpack@5.75.0_____acorn@8.8.0_____webpack@5.75.0______acorn@8.8.0__webpack-cli@5.0.0___webpack@5.75.0____acorn@8.8.0____webpack@5.75.0_____acorn@8.8.0___webpack-cli@5.0.0____webpack@5.75.0_____acorn@8.8.0_____webpack@5.75.0______acorn@8.8.0___webpack-cli@5.0.0____webpack@5.75.0_____acorn@8.8.0_____webpack@5.75.0______acorn@8.8.0____webpack-cli@5.0.0_____webpack@5.75.0______acorn@8.8.0______webpack@5.75.0_______acorn@8.8.0",
          "colorette": "colorette@2.0.19",
          "commander": "commander@9.4.1",
          "cross-spawn": "cross-spawn@7.0.3",
          "envinfo": "envinfo@7.8.1",
          "fastest-levenshtein": "fastest-levenshtein@1.0.16",
          "import-local": "import-local@3.1.0",
          "interpret": "interpret@3.1.1",
          "rechoir": "rechoir@0.8.0",
          "webpack": "webpack@5.75.0_acorn@8.8.0_webpack@5.75.0__acorn@8.8.0",
          "webpack-merge": "webpack-merge@5.8.0"
        }
      },
      "webpack-merge@5.8.0": {
        "integrity": "sha512-/SaI7xY0831XwP6kzuwhKWVKDP9t1QY1h65lAFLbZqMPIuYcD9QAW4u9STIbU9kaJbPBB/geU/gLr1wDjOhQ+Q==",
        "dependencies": {
          "clone-deep": "clone-deep@4.0.1",
          "wildcard": "wildcard@2.0.0"
        }
      },
      "webpack-sources@3.2.3": {
        "integrity": "sha512-/DyMEOrDgLKKIG0fmvtz+4dUX/3Ghozwgm6iPp8KRhvn+eQf9+Q7GWxVNMk3+uCPWfdXYC4ExGBckIXdFEfH1w==",
        "dependencies": {}
      },
      "webpack@5.75.0_acorn@8.8.0_webpack@5.75.0__acorn@8.8.0": {
        "integrity": "sha512-piaIaoVJlqMsPtX/+3KTTO6jfvrSYgauFVdt8cr9LTHKmcq/AMd4mhzsiP7ZF/PGRNPGA8336jldh9l2Kt2ogQ==",
        "dependencies": {
          "@types/eslint-scope": "@types/eslint-scope@3.7.4",
          "@types/estree": "@types/estree@0.0.51",
          "@webassemblyjs/ast": "@webassemblyjs/ast@1.11.1",
          "@webassemblyjs/wasm-edit": "@webassemblyjs/wasm-edit@1.11.1",
          "@webassemblyjs/wasm-parser": "@webassemblyjs/wasm-parser@1.11.1",
          "acorn": "acorn@8.8.0",
          "acorn-import-assertions": "acorn-import-assertions@1.8.0_acorn@8.8.0",
          "browserslist": "browserslist@4.21.4_browserslist@4.21.4",
          "chrome-trace-event": "chrome-trace-event@1.0.3",
          "enhanced-resolve": "enhanced-resolve@5.12.0",
          "es-module-lexer": "es-module-lexer@0.9.3",
          "eslint-scope": "eslint-scope@5.1.1",
          "events": "events@3.3.0",
          "glob-to-regexp": "glob-to-regexp@0.4.1",
          "graceful-fs": "graceful-fs@4.2.10",
          "json-parse-even-better-errors": "json-parse-even-better-errors@2.3.1",
          "loader-runner": "loader-runner@4.3.0",
          "mime-types": "mime-types@2.1.35",
          "neo-async": "neo-async@2.6.2",
          "schema-utils": "schema-utils@3.1.1_ajv@6.12.6",
          "tapable": "tapable@2.2.1",
          "terser-webpack-plugin": "terser-webpack-plugin@5.3.6_webpack@5.75.0__acorn@8.8.0__webpack@5.75.0___acorn@8.8.0",
          "watchpack": "watchpack@2.4.0",
          "webpack-sources": "webpack-sources@3.2.3"
        }
      },
      "which@2.0.2": {
        "integrity": "sha512-BLI3Tl1TW3Pvl70l3yq3Y64i+awpwXqsGBYWkkqMtnbXgrMD+yj7rhW0kuEDxzJaYXGjEW5ogapKNMEKNMjibA==",
        "dependencies": { "isexe": "isexe@2.0.0" }
      },
      "wildcard@2.0.0": {
        "integrity": "sha512-JcKqAHLPxcdb9KM49dufGXn2x3ssnfjbcaQdLlfZsL9rH9wgDQjUtDxbo8NE0F6SFvydeu1VhZe7hZuHsB2/pw==",
        "dependencies": {}
      }
    }
  }
}
